
Microsoft Visual Studio Solution File, Format Version 12.00
# Visual Studio Version 16
VisualStudioVersion = 16.0.32602.291
MinimumVisualStudioVersion = 10.0.40219.1
Project("{9A19103F-16F7-4668-BE54-9A1E7A4F7556}") = "PasswordStore", "PasswordStore.csproj", "{E2C6FF96-9C4F-4C67-B6EA-1639D49B542D}"
EndProject
Global
	GlobalSection(SolutionConfigurationPlatforms) = preSolution
		Debug|Any CPU = Debug|Any CPU
		Release|Any CPU = Release|Any CPU
		ReleaseExe|Any CPU = ReleaseExe|Any CPU
	EndGlobalSection
	GlobalSection(ProjectConfigurationPlatforms) = postSolution
		{E2C6FF96-9C4F-4C67-B6EA-1639D49B542D}.Debug|Any CPU.ActiveCfg = Debug|Any CPU
		{E2C6FF96-9C4F-4C67-B6EA-1639D49B542D}.Debug|Any CPU.Build.0 = Debug|Any CPU
		{E2C6FF96-9C4F-4C67-B6EA-1639D49B542D}.Release|Any CPU.ActiveCfg = Release|Any CPU
		{E2C6FF96-9C4F-4C67-B6EA-1639D49B542D}.Release|Any CPU.Build.0 = Release|Any CPU
		{E2C6FF96-9C4F-4C67-B6EA-1639D49B542D}.ReleaseExe|Any CPU.ActiveCfg = Release|Any CPU
		{E2C6FF96-9C4F-4C67-B6EA-1639D49B542D}.ReleaseExe|Any CPU.Build.0 = Release|Any CPU
	EndGlobalSection
	GlobalSection(SolutionProperties) = preSolution
		HideSolutionNode = FALSE
	EndGlobalSection
	GlobalSection(ExtensibilityGlobals) = postSolution
		SolutionGuid = {665296C9-F9A1-4F6A-A78D-88812671EC88}
	EndGlobalSection
EndGlobal
